// !$*UTF8*$!
{
	archiveVersion = 1;
	classes = {
	};
	objectVersion = 48;
	objects = {

/* Begin PBXBuildFile section */
		EF915ACC2058A69700828B62 /* SyntaxColoring.h in Headers */ = {isa = PBXBuildFile; fileRef = EF915ABE2058A69700828B62 /* SyntaxColoring.h */; settings = {ATTRIBUTES = (Public, ); }; };
		EF915AE22058A8D100828B62 /* SCCScanner.h in Headers */ = {isa = PBXBuildFile; fileRef = EF915AD92058A8D000828B62 /* SCCScanner.h */; };
		EF915AE32058A8D100828B62 /* SCCScanner.m in Sources */ = {isa = PBXBuildFile; fileRef = EF915ADA2058A8D000828B62 /* SCCScanner.m */; };
		EF915AE42058A8D100828B62 /* SCTextView.m in Sources */ = {isa = PBXBuildFile; fileRef = EF915ADB2058A8D000828B62 /* SCTextView.m */; };
		EF915AE52058A8D100828B62 /* SCSyntaxTextStorage.h in Headers */ = {isa = PBXBuildFile; fileRef = EF915ADC2058A8D000828B62 /* SCSyntaxTextStorage.h */; };
		EF915AE62058A8D100828B62 /* SCSyntaxTextStorage.m in Sources */ = {isa = PBXBuildFile; fileRef = EF915ADD2058A8D100828B62 /* SCSyntaxTextStorage.m */; };
		EF915AE72058A8D100828B62 /* SCAltKeyboard.m in Sources */ = {isa = PBXBuildFile; fileRef = EF915ADE2058A8D100828B62 /* SCAltKeyboard.m */; };
		EF915AE82058A8D100828B62 /* SCAltKeyboard.h in Headers */ = {isa = PBXBuildFile; fileRef = EF915ADF2058A8D100828B62 /* SCAltKeyboard.h */; };
		EF915AE92058A8D100828B62 /* SCTextView.h in Headers */ = {isa = PBXBuildFile; fileRef = EF915AE02058A8D100828B62 /* SCTextView.h */; settings = {ATTRIBUTES = (Public, ); }; };
		EF915AEA2058A8D100828B62 /* SCSyntaxScanner.h in Headers */ = {isa = PBXBuildFile; fileRef = EF915AE12058A8D100828B62 /* SCSyntaxScanner.h */; settings = {ATTRIBUTES = (Public, ); }; };
/* End PBXBuildFile section */

/* Begin PBXFileReference section */
		EF915ABB2058A69700828B62 /* SyntaxColoring.framework */ = {isa = PBXFileReference; explicitFileType = wrapper.framework; includeInIndex = 0; path = SyntaxColoring.framework; sourceTree = BUILT_PRODUCTS_DIR; };
		EF915ABE2058A69700828B62 /* SyntaxColoring.h */ = {isa = PBXFileReference; lastKnownFileType = sourcecode.c.h; path = SyntaxColoring.h; sourceTree = "<group>"; };
		EF915ABF2058A69700828B62 /* Info.plist */ = {isa = PBXFileReference; lastKnownFileType = text.plist.xml; path = Info.plist; sourceTree = "<group>"; };
		EF915AD92058A8D000828B62 /* SCCScanner.h */ = {isa = PBXFileReference; fileEncoding = 4; lastKnownFileType = sourcecode.c.h; path = SCCScanner.h; sourceTree = "<group>"; };
		EF915ADA2058A8D000828B62 /* SCCScanner.m */ = {isa = PBXFileReference; fileEncoding = 4; lastKnownFileType = sourcecode.c.objc; path = SCCScanner.m; sourceTree = "<group>"; };
		EF915ADB2058A8D000828B62 /* SCTextView.m */ = {isa = PBXFileReference; fileEncoding = 4; lastKnownFileType = sourcecode.c.objc; path = SCTextView.m; sourceTree = "<group>"; };
		EF915ADC2058A8D000828B62 /* SCSyntaxTextStorage.h */ = {isa = PBXFileReference; fileEncoding = 4; lastKnownFileType = sourcecode.c.h; path = SCSyntaxTextStorage.h; sourceTree = "<group>"; };
		EF915ADD2058A8D100828B62 /* SCSyntaxTextStorage.m */ = {isa = PBXFileReference; fileEncoding = 4; lastKnownFileType = sourcecode.c.objc; path = SCSyntaxTextStorage.m; sourceTree = "<group>"; };
		EF915ADE2058A8D100828B62 /* SCAltKeyboard.m */ = {isa = PBXFileReference; fileEncoding = 4; lastKnownFileType = sourcecode.c.objc; path = SCAltKeyboard.m; sourceTree = "<group>"; };
		EF915ADF2058A8D100828B62 /* SCAltKeyboard.h */ = {isa = PBXFileReference; fileEncoding = 4; lastKnownFileType = sourcecode.c.h; path = SCAltKeyboard.h; sourceTree = "<group>"; };
		EF915AE02058A8D100828B62 /* SCTextView.h */ = {isa = PBXFileReference; fileEncoding = 4; lastKnownFileType = sourcecode.c.h; path = SCTextView.h; sourceTree = "<group>"; };
		EF915AE12058A8D100828B62 /* SCSyntaxScanner.h */ = {isa = PBXFileReference; fileEncoding = 4; lastKnownFileType = sourcecode.c.h; path = SCSyntaxScanner.h; sourceTree = "<group>"; };
/* End PBXFileReference section */

/* Begin PBXFrameworksBuildPhase section */
		EF915AB72058A69700828B62 /* Frameworks */ = {
			isa = PBXFrameworksBuildPhase;
			buildActionMask = 2147483647;
			files = (
			);
			runOnlyForDeploymentPostprocessing = 0;
		};
/* End PBXFrameworksBuildPhase section */

/* Begin PBXGroup section */
		EF915AB12058A69700828B62 = {
			isa = PBXGroup;
			children = (
				EF915AD82058A8B400828B62 /* TextEditor */,
				EF915ABD2058A69700828B62 /* SyntaxColoring */,
				EF915ABC2058A69700828B62 /* Products */,
			);
			sourceTree = "<group>";
		};
		EF915ABC2058A69700828B62 /* Products */ = {
			isa = PBXGroup;
			children = (
				EF915ABB2058A69700828B62 /* SyntaxColoring.framework */,
			);
			name = Products;
			sourceTree = "<group>";
		};
		EF915ABD2058A69700828B62 /* SyntaxColoring */ = {
			isa = PBXGroup;
			children = (
				EF915ABE2058A69700828B62 /* SyntaxColoring.h */,
				EF915ABF2058A69700828B62 /* Info.plist */,
			);
			path = SyntaxColoring;
			sourceTree = "<group>";
		};
		EF915AD82058A8B400828B62 /* TextEditor */ = {
			isa = PBXGroup;
			children = (
				EF915ADF2058A8D100828B62 /* SCAltKeyboard.h */,
				EF915ADE2058A8D100828B62 /* SCAltKeyboard.m */,
				EF915AD92058A8D000828B62 /* SCCScanner.h */,
				EF915ADA2058A8D000828B62 /* SCCScanner.m */,
				EF915AE12058A8D100828B62 /* SCSyntaxScanner.h */,
				EF915ADC2058A8D000828B62 /* SCSyntaxTextStorage.h */,
				EF915ADD2058A8D100828B62 /* SCSyntaxTextStorage.m */,
				EF915AE02058A8D100828B62 /* SCTextView.h */,
				EF915ADB2058A8D000828B62 /* SCTextView.m */,
			);
			path = TextEditor;
			sourceTree = "<group>";
		};
/* End PBXGroup section */

/* Begin PBXHeadersBuildPhase section */
		EF915AB82058A69700828B62 /* Headers */ = {
			isa = PBXHeadersBuildPhase;
			buildActionMask = 2147483647;
			files = (
				EF915AE52058A8D100828B62 /* SCSyntaxTextStorage.h in Headers */,
				EF915AE92058A8D100828B62 /* SCTextView.h in Headers */,
				EF915AEA2058A8D100828B62 /* SCSyntaxScanner.h in Headers */,
				EF915ACC2058A69700828B62 /* SyntaxColoring.h in Headers */,
				EF915AE22058A8D100828B62 /* SCCScanner.h in Headers */,
				EF915AE82058A8D100828B62 /* SCAltKeyboard.h in Headers */,
			);
			runOnlyForDeploymentPostprocessing = 0;
		};
/* End PBXHeadersBuildPhase section */

/* Begin PBXNativeTarget section */
		EF915ABA2058A69700828B62 /* SyntaxColoring */ = {
			isa = PBXNativeTarget;
			buildConfigurationList = EF915ACF2058A69700828B62 /* Build configuration list for PBXNativeTarget "SyntaxColoring" */;
			buildPhases = (
				EF915AB62058A69700828B62 /* Sources */,
				EF915AB72058A69700828B62 /* Frameworks */,
				EF915AB82058A69700828B62 /* Headers */,
				EF915AB92058A69700828B62 /* Resources */,
			);
			buildRules = (
			);
			dependencies = (
			);
			name = SyntaxColoring;
			productName = SyntaxColoring;
			productReference = EF915ABB2058A69700828B62 /* SyntaxColoring.framework */;
			productType = "com.apple.product-type.framework";
		};
/* End PBXNativeTarget section */

/* Begin PBXProject section */
		EF915AB22058A69700828B62 /* Project object */ = {
			isa = PBXProject;
			attributes = {
				CLASSPREFIX = SC;
				LastUpgradeCheck = 0920;
				ORGANIZATIONNAME = "Glenview Software";
				TargetAttributes = {
					EF915ABA2058A69700828B62 = {
						CreatedOnToolsVersion = 9.2;
						ProvisioningStyle = Automatic;
					};
				};
			};
			buildConfigurationList = EF915AB52058A69700828B62 /* Build configuration list for PBXProject "SyntaxColoring" */;
			compatibilityVersion = "Xcode 8.0";
			developmentRegion = en;
			hasScannedForEncodings = 0;
			knownRegions = (
				en,
			);
			mainGroup = EF915AB12058A69700828B62;
			productRefGroup = EF915ABC2058A69700828B62 /* Products */;
			projectDirPath = "";
			projectRoot = "";
			targets = (
				EF915ABA2058A69700828B62 /* SyntaxColoring */,
			);
		};
/* End PBXProject section */

/* Begin PBXResourcesBuildPhase section */
		EF915AB92058A69700828B62 /* Resources */ = {
			isa = PBXResourcesBuildPhase;
			buildActionMask = 2147483647;
			files = (
			);
			runOnlyForDeploymentPostprocessing = 0;
		};
/* End PBXResourcesBuildPhase section */

/* Begin PBXSourcesBuildPhase section */
		EF915AB62058A69700828B62 /* Sources */ = {
			isa = PBXSourcesBuildPhase;
			buildActionMask = 2147483647;
			files = (
				EF915AE72058A8D100828B62 /* SCAltKeyboard.m in Sources */,
				EF915AE62058A8D100828B62 /* SCSyntaxTextStorage.m in Sources */,
				EF915AE32058A8D100828B62 /* SCCScanner.m in Sources */,
				EF915AE42058A8D100828B62 /* SCTextView.m in Sources */,
			);
			runOnlyForDeploymentPostprocessing = 0;
		};
/* End PBXSourcesBuildPhase section */

/* Begin XCBuildConfiguration section */
		EF915ACD2058A69700828B62 /* Debug */ = {
			isa = XCBuildConfiguration;
			buildSettings = {
				ALWAYS_SEARCH_USER_PATHS = NO;
				CLANG_ANALYZER_NONNULL = YES;
				CLANG_ANALYZER_NUMBER_OBJECT_CONVERSION = YES_AGGRESSIVE;
				CLANG_CXX_LANGUAGE_STANDARD = "gnu++14";
				CLANG_CXX_LIBRARY = "libc++";
				CLANG_ENABLE_MODULES = YES;
				CLANG_ENABLE_OBJC_ARC = YES;
				CLANG_WARN_BLOCK_CAPTURE_AUTORELEASING = YES;
				CLANG_WARN_BOOL_CONVERSION = YES;
				CLANG_WARN_COMMA = YES;
				CLANG_WARN_CONSTANT_CONVERSION = YES;
				CLANG_WARN_DIRECT_OBJC_ISA_USAGE = YES_ERROR;
				CLANG_WARN_DOCUMENTATION_COMMENTS = YES;
				CLANG_WARN_EMPTY_BODY = YES;
				CLANG_WARN_ENUM_CONVERSION = YES;
				CLANG_WARN_INFINITE_RECURSION = YES;
				CLANG_WARN_INT_CONVERSION = YES;
				CLANG_WARN_NON_LITERAL_NULL_CONVERSION = YES;
				CLANG_WARN_OBJC_LITERAL_CONVERSION = YES;
				CLANG_WARN_OBJC_ROOT_CLASS = YES_ERROR;
				CLANG_WARN_RANGE_LOOP_ANALYSIS = YES;
				CLANG_WARN_STRICT_PROTOTYPES = YES;
				CLANG_WARN_SUSPICIOUS_MOVE = YES;
				CLANG_WARN_UNGUARDED_AVAILABILITY = YES_AGGRESSIVE;
				CLANG_WARN_UNREACHABLE_CODE = YES;
				CLANG_WARN__DUPLICATE_METHOD_MATCH = YES;
				CODE_SIGN_IDENTITY = "iPhone Developer";
				COPY_PHASE_STRIP = NO;
				CURRENT_PROJECT_VERSION = 1;
				DEBUG_INFORMATION_FORMAT = dwarf;
				ENABLE_STRICT_OBJC_MSGSEND = YES;
				ENABLE_TESTABILITY = YES;
				GCC_C_LANGUAGE_STANDARD = gnu11;
				GCC_DYNAMIC_NO_PIC = NO;
				GCC_NO_COMMON_BLOCKS = YES;
				GCC_OPTIMIZATION_LEVEL = 0;
				GCC_PREPROCESSOR_DEFINITIONS = (
					"DEBUG=1",
					"$(inherited)",
				);
				GCC_WARN_64_TO_32_BIT_CONVERSION = YES;
				GCC_WARN_ABOUT_RETURN_TYPE = YES_ERROR;
				GCC_WARN_UNDECLARED_SELECTOR = YES;
				GCC_WARN_UNINITIALIZED_AUTOS = YES_AGGRESSIVE;
				GCC_WARN_UNUSED_FUNCTION = YES;
				GCC_WARN_UNUSED_VARIABLE = YES;
				IPHONEOS_DEPLOYMENT_TARGET = 8.0;
				MTL_ENABLE_DEBUG_INFO = YES;
				ONLY_ACTIVE_ARCH = YES;
				SDKROOT = iphoneos;
				VERSIONING_SYSTEM = "apple-generic";
				VERSION_INFO_PREFIX = "";
			};
			name = Debug;
		};
		EF915ACE2058A69700828B62 /* Release */ = {
			isa = XCBuildConfiguration;
			buildSettings = {
				ALWAYS_SEARCH_USER_PATHS = NO;
				CLANG_ANALYZER_NONNULL = YES;
				CLANG_ANALYZER_NUMBER_OBJECT_CONVERSION = YES_AGGRESSIVE;
				CLANG_CXX_LANGUAGE_STANDARD = "gnu++14";
				CLANG_CXX_LIBRARY = "libc++";
				CLANG_ENABLE_MODULES = YES;
				CLANG_ENABLE_OBJC_ARC = YES;
				CLANG_WARN_BLOCK_CAPTURE_AUTORELEASING = YES;
				CLANG_WARN_BOOL_CONVERSION = YES;
				CLANG_WARN_COMMA = YES;
				CLANG_WARN_CONSTANT_CONVERSION = YES;
				CLANG_WARN_DIRECT_OBJC_ISA_USAGE = YES_ERROR;
				CLANG_WARN_DOCUMENTATION_COMMENTS = YES;
				CLANG_WARN_EMPTY_BODY = YES;
				CLANG_WARN_ENUM_CONVERSION = YES;
				CLANG_WARN_INFINITE_RECURSION = YES;
				CLANG_WARN_INT_CONVERSION = YES;
				CLANG_WARN_NON_LITERAL_NULL_CONVERSION = YES;
				CLANG_WARN_OBJC_LITERAL_CONVERSION = YES;
				CLANG_WARN_OBJC_ROOT_CLASS = YES_ERROR;
				CLANG_WARN_RANGE_LOOP_ANALYSIS = YES;
				CLANG_WARN_STRICT_PROTOTYPES = YES;
				CLANG_WARN_SUSPICIOUS_MOVE = YES;
				CLANG_WARN_UNGUARDED_AVAILABILITY = YES_AGGRESSIVE;
				CLANG_WARN_UNREACHABLE_CODE = YES;
				CLANG_WARN__DUPLICATE_METHOD_MATCH = YES;
				CODE_SIGN_IDENTITY = "iPhone Developer";
				COPY_PHASE_STRIP = NO;
				CURRENT_PROJECT_VERSION = 1;
				DEBUG_INFORMATION_FORMAT = "dwarf-with-dsym";
				ENABLE_NS_ASSERTIONS = NO;
				ENABLE_STRICT_OBJC_MSGSEND = YES;
				GCC_C_LANGUAGE_STANDARD = gnu11;
				GCC_NO_COMMON_BLOCKS = YES;
				GCC_WARN_64_TO_32_BIT_CONVERSION = YES;
				GCC_WARN_ABOUT_RETURN_TYPE = YES_ERROR;
				GCC_WARN_UNDECLARED_SELECTOR = YES;
				GCC_WARN_UNINITIALIZED_AUTOS = YES_AGGRESSIVE;
				GCC_WARN_UNUSED_FUNCTION = YES;
				GCC_WARN_UNUSED_VARIABLE = YES;
				IPHONEOS_DEPLOYMENT_TARGET = 8.0;
				MTL_ENABLE_DEBUG_INFO = NO;
				SDKROOT = iphoneos;
				VALIDATE_PRODUCT = YES;
				VERSIONING_SYSTEM = "apple-generic";
				VERSION_INFO_PREFIX = "";
			};
			name = Release;
		};
		EF915AD02058A69700828B62 /* Debug */ = {
			isa = XCBuildConfiguration;
			buildSettings = {
				CODE_SIGN_IDENTITY = "";
				CODE_SIGN_STYLE = Automatic;
				DEFINES_MODULE = YES;
				DEVELOPMENT_TEAM = MUUNEV88XL;
				DYLIB_COMPATIBILITY_VERSION = 1;
				DYLIB_CURRENT_VERSION = 1;
				DYLIB_INSTALL_NAME_BASE = "@rpath";
				INFOPLIST_FILE = SyntaxColoring/Info.plist;
				INSTALL_PATH = "$(LOCAL_LIBRARY_DIR)/Frameworks";
				IPHONEOS_DEPLOYMENT_TARGET = 8.0;
				LD_RUNPATH_SEARCH_PATHS = "$(inherited) @executable_path/Frameworks @loader_path/Frameworks";
				PRODUCT_BUNDLE_IDENTIFIER = com.chaosinmotion.SyntaxColoring;
				PRODUCT_NAME = "$(TARGET_NAME:c99extidentifier)";
				SKIP_INSTALL = YES;
				TARGETED_DEVICE_FAMILY = "1,2";
			};
			name = Debug;
		};
		EF915AD12058A69700828B62 /* Release */ = {
			isa = XCBuildConfiguration;
			buildSettings = {
				CODE_SIGN_IDENTITY = "";
				CODE_SIGN_STYLE = Automatic;
				DEFINES_MODULE = YES;
				DEVELOPMENT_TEAM = MUUNEV88XL;
				DYLIB_COMPATIBILITY_VERSION = 1;
				DYLIB_CURRENT_VERSION = 1;
				DYLIB_INSTALL_NAME_BASE = "@rpath";
				INFOPLIST_FILE = SyntaxColoring/Info.plist;
				INSTALL_PATH = "$(LOCAL_LIBRARY_DIR)/Frameworks";
				IPHONEOS_DEPLOYMENT_TARGET = 8.0;
				LD_RUNPATH_SEARCH_PATHS = "$(inherited) @executable_path/Frameworks @loader_path/Frameworks";
				PRODUCT_BUNDLE_IDENTIFIER = com.chaosinmotion.SyntaxColoring;
				PRODUCT_NAME = "$(TARGET_NAME:c99extidentifier)";
				SKIP_INSTALL = YES;
				TARGETED_DEVICE_FAMILY = "1,2";
			};
			name = Release;
		};
/* End XCBuildConfiguration section */

/* Begin XCConfigurationList section */
		EF915AB52058A69700828B62 /* Build configuration list for PBXProject "SyntaxColoring" */ = {
			isa = XCConfigurationList;
			buildConfigurations = (
				EF915ACD2058A69700828B62 /* Debug */,
				EF915ACE2058A69700828B62 /* Release */,
			);
			defaultConfigurationIsVisible = 0;
			defaultConfigurationName = Release;
		};
		EF915ACF2058A69700828B62 /* Build configuration list for PBXNativeTarget "SyntaxColoring" */ = {
			isa = XCConfigurationList;
			buildConfigurations = (
				EF915AD02058A69700828B62 /* Debug */,
				EF915AD12058A69700828B62 /* Release */,
			);
			defaultConfigurationIsVisible = 0;
			defaultConfigurationName = Release;
		};
/* End XCConfigurationList section */
	};
	rootObject = EF915AB22058A69700828B62 /* Project object */;
}
